
Microsoft Visual Studio Solution File, Format Version 12.00
# Visual Studio Version 17
VisualStudioVersion = 17.8.34309.116
MinimumVisualStudioVersion = 10.0.40219.1
Project("{9A19103F-16F7-4668-BE54-9A1E7A4F7556}") = "Guide.Infra", "Guide.Infra\Guide.Infra.csproj", "{B455FC97-DCBE-4F15-B774-95C0A5A95800}"
EndProject
Project("{9A19103F-16F7-4668-BE54-9A1E7A4F7556}") = "Guide.Domain", "Guide.Domain\Guide.Domain.csproj", "{65E21BBC-824B-487A-91A5-2E612DB94C56}"
EndProject
Project("{9A19103F-16F7-4668-BE54-9A1E7A4F7556}") = "Guide.Api", "Guide.Api\Guide.Api.csproj", "{403760BC-F100-43C0-8605-75DBB2AB260D}"
EndProject
Global
	GlobalSection(SolutionConfigurationPlatforms) = preSolution
		Debug|Any CPU = Debug|Any CPU
		Release|Any CPU = Release|Any CPU
	EndGlobalSection
	GlobalSection(ProjectConfigurationPlatforms) = postSolution
		{B455FC97-DCBE-4F15-B774-95C0A5A95800}.Debug|Any CPU.ActiveCfg = Debug|Any CPU
		{B455FC97-DCBE-4F15-B774-95C0A5A95800}.Debug|Any CPU.Build.0 = Debug|Any CPU
		{B455FC97-DCBE-4F15-B774-95C0A5A95800}.Release|Any CPU.ActiveCfg = Release|Any CPU
		{B455FC97-DCBE-4F15-B774-95C0A5A95800}.Release|Any CPU.Build.0 = Release|Any CPU
		{65E21BBC-824B-487A-91A5-2E612DB94C56}.Debug|Any CPU.ActiveCfg = Debug|Any CPU
		{65E21BBC-824B-487A-91A5-2E612DB94C56}.Debug|Any CPU.Build.0 = Debug|Any CPU
		{65E21BBC-824B-487A-91A5-2E612DB94C56}.Release|Any CPU.ActiveCfg = Release|Any CPU
		{65E21BBC-824B-487A-91A5-2E612DB94C56}.Release|Any CPU.Build.0 = Release|Any CPU
		{403760BC-F100-43C0-8605-75DBB2AB260D}.Debug|Any CPU.ActiveCfg = Debug|Any CPU
		{403760BC-F100-43C0-8605-75DBB2AB260D}.Debug|Any CPU.Build.0 = Debug|Any CPU
		{403760BC-F100-43C0-8605-75DBB2AB260D}.Release|Any CPU.ActiveCfg = Release|Any CPU
		{403760BC-F100-43C0-8605-75DBB2AB260D}.Release|Any CPU.Build.0 = Release|Any CPU
	EndGlobalSection
	GlobalSection(SolutionProperties) = preSolution
		HideSolutionNode = FALSE
	EndGlobalSection
	GlobalSection(ExtensibilityGlobals) = postSolution
		SolutionGuid = {525CED19-5CE0-40C1-A939-AD15E4F7B549}
	EndGlobalSection
EndGlobal
